<Solution>
  <Project Path="AsyncDemoProject/AsyncDemoProject.csproj" />
  <Project Path="BadPracticesInAsync/BadPracticesInAsync.csproj" Id="544d2878-58d4-4668-9603-87dd6b2282ce" />
  <Project Path="StateMachineSimpleExample/StateMachineSimpleExample.csproj" Id="6dc6b050-b1a1-4abf-b83f-896a7f57709d" />
</Solution>
