Microsoft Visual Studio Solution File, Format Version 12.00
# Visual Studio Version 17
VisualStudioVersion = 17.5.2.0
MinimumVisualStudioVersion = 10.0.40219.1
Project("{FAE04EC0-301F-11D3-BF4B-00C04F79EFBC}") = "StateMachineSimpleExample", "StateMachineSimpleExample.csproj", "{CFF784E2-0422-4BB7-B2D3-001E008D51A4}"
EndProject
Global
	GlobalSection(SolutionConfigurationPlatforms) = preSolution
		Debug|Any CPU = Debug|Any CPU
		Release|Any CPU = Release|Any CPU
	EndGlobalSection
	GlobalSection(ProjectConfigurationPlatforms) = postSolution
		{CFF784E2-0422-4BB7-B2D3-001E008D51A4}.Debug|Any CPU.ActiveCfg = Debug|Any CPU
		{CFF784E2-0422-4BB7-B2D3-001E008D51A4}.Debug|Any CPU.Build.0 = Debug|Any CPU
		{CFF784E2-0422-4BB7-B2D3-001E008D51A4}.Release|Any CPU.ActiveCfg = Release|Any CPU
		{CFF784E2-0422-4BB7-B2D3-001E008D51A4}.Release|Any CPU.Build.0 = Release|Any CPU
	EndGlobalSection
	GlobalSection(SolutionProperties) = preSolution
		HideSolutionNode = FALSE
	EndGlobalSection
	GlobalSection(ExtensibilityGlobals) = postSolution
		SolutionGuid = {9F18B762-B323-4AD3-8967-A5973201C8EF}
	EndGlobalSection
EndGlobal
